# generated by rye
# use `rye lock` or `rye sync` to update this lockfile
#
# last locked with the following flags:
#   pre: false
#   features: []
#   all-features: false

-e file:.
ansible==4.10.0
ansible-core==2.11.12
certifi==2023.5.7
cffi==1.15.1
charset-normalizer==3.1.0
cryptography==40.0.2
docker==4.4.4
idna==3.4
jinja2==3.1.2
markupsafe==2.1.2
packaging==23.1
pycparser==2.21
pyyaml==6.0
requests==2.31.0
resolvelib==0.5.4
six==1.16.0
urllib3==2.0.2
websocket-client==1.5.2
